
Microsoft Visual Studio Solution File, Format Version 12.00
# Visual Studio Version 17
VisualStudioVersion = 17.7.34202.233
MinimumVisualStudioVersion = 10.0.40219.1
Project("{FAE04EC0-301F-11D3-BF4B-00C04F79EFBC}") = "FormApp3", "FormApp3\FormApp3.csproj", "{4BE5BB87-3279-4402-8AA9-3C9B4E24222F}"
EndProject
Global
	GlobalSection(SolutionConfigurationPlatforms) = preSolution
		Debug|Any CPU = Debug|Any CPU
		Release|Any CPU = Release|Any CPU
	EndGlobalSection
	GlobalSection(ProjectConfigurationPlatforms) = postSolution
		{4BE5BB87-3279-4402-8AA9-3C9B4E24222F}.Debug|Any CPU.ActiveCfg = Debug|Any CPU
		{4BE5BB87-3279-4402-8AA9-3C9B4E24222F}.Debug|Any CPU.Build.0 = Debug|Any CPU
		{4BE5BB87-3279-4402-8AA9-3C9B4E24222F}.Release|Any CPU.ActiveCfg = Release|Any CPU
		{4BE5BB87-3279-4402-8AA9-3C9B4E24222F}.Release|Any CPU.Build.0 = Release|Any CPU
	EndGlobalSection
	GlobalSection(SolutionProperties) = preSolution
		HideSolutionNode = FALSE
	EndGlobalSection
	GlobalSection(ExtensibilityGlobals) = postSolution
		SolutionGuid = {748CE55A-517F-4FCF-B9E4-75A3BDDE5175}
	EndGlobalSection
EndGlobal
